
Microsoft Visual Studio Solution File, Format Version 12.00
# Visual Studio 15
VisualStudioVersion = 15.0.27428.2043
MinimumVisualStudioVersion = 10.0.40219.1
Project("{FAE04EC0-301F-11D3-BF4B-00C04F79EFBC}") = "DotNetPublish", "DotNetPublish\DotNetPublish.csproj", "{FDF0DF72-8702-4A34-8D90-9B5DEFF36283}"
EndProject
Global
	GlobalSection(SolutionConfigurationPlatforms) = preSolution
		Debug|Any CPU = Debug|Any CPU
		Release|Any CPU = Release|Any CPU
	EndGlobalSection
	GlobalSection(ProjectConfigurationPlatforms) = postSolution
		{FDF0DF72-8702-4A34-8D90-9B5DEFF36283}.Debug|Any CPU.ActiveCfg = Debug|Any CPU
		{FDF0DF72-8702-4A34-8D90-9B5DEFF36283}.Debug|Any CPU.Build.0 = Debug|Any CPU
		{FDF0DF72-8702-4A34-8D90-9B5DEFF36283}.Release|Any CPU.ActiveCfg = Release|Any CPU
		{FDF0DF72-8702-4A34-8D90-9B5DEFF36283}.Release|Any CPU.Build.0 = Release|Any CPU
	EndGlobalSection
	GlobalSection(SolutionProperties) = preSolution
		HideSolutionNode = FALSE
	EndGlobalSection
	GlobalSection(ExtensibilityGlobals) = postSolution
		SolutionGuid = {ACC56815-52CA-4222-9B2B-DD504F183278}
	EndGlobalSection
EndGlobal
